// !$*UTF8*$!
{
	archiveVersion = 1;
	classes = {
	};
	objectVersion = 50;
	objects = {

/* Begin PBXBuildFile section */
		B42E47F32361EBC900030E02 /* HeroRow.swift in Sources */ = {isa = PBXBuildFile; fileRef = B42E47F22361EBC900030E02 /* HeroRow.swift */; };
		B42E47F52361FFB900030E02 /* MapView.swift in Sources */ = {isa = PBXBuildFile; fileRef = B42E47F42361FFB900030E02 /* MapView.swift */; };
		B42E47F72362DA6900030E02 /* HeroDetail.swift in Sources */ = {isa = PBXBuildFile; fileRef = B42E47F62362DA6800030E02 /* HeroDetail.swift */; };
		B42E47F923640FB500030E02 /* SectionView.swift in Sources */ = {isa = PBXBuildFile; fileRef = B42E47F823640FB500030E02 /* SectionView.swift */; };
		B42E47FB23640FCA00030E02 /* CardView.swift in Sources */ = {isa = PBXBuildFile; fileRef = B42E47FA23640FCA00030E02 /* CardView.swift */; };
		B42E47FD2364145700030E02 /* CardList.swift in Sources */ = {isa = PBXBuildFile; fileRef = B42E47FC2364145700030E02 /* CardList.swift */; };
		B42E47FF2364232300030E02 /* SectionButton.swift in Sources */ = {isa = PBXBuildFile; fileRef = B42E47FE2364232300030E02 /* SectionButton.swift */; };
		B4709CA72361D64A00A218AB /* AppDelegate.swift in Sources */ = {isa = PBXBuildFile; fileRef = B4709CA62361D64A00A218AB /* AppDelegate.swift */; };
		B4709CA92361D64A00A218AB /* SceneDelegate.swift in Sources */ = {isa = PBXBuildFile; fileRef = B4709CA82361D64A00A218AB /* SceneDelegate.swift */; };
		B4709CAC2361D64A00A218AB /* TheAvengers.xcdatamodeld in Sources */ = {isa = PBXBuildFile; fileRef = B4709CAA2361D64A00A218AB /* TheAvengers.xcdatamodeld */; };
		B4709CAE2361D64A00A218AB /* ContentView.swift in Sources */ = {isa = PBXBuildFile; fileRef = B4709CAD2361D64A00A218AB /* ContentView.swift */; };
		B4709CB02361D64C00A218AB /* Assets.xcassets in Resources */ = {isa = PBXBuildFile; fileRef = B4709CAF2361D64C00A218AB /* Assets.xcassets */; };
		B4709CB32361D64C00A218AB /* Preview Assets.xcassets in Resources */ = {isa = PBXBuildFile; fileRef = B4709CB22361D64C00A218AB /* Preview Assets.xcassets */; };
		B4709CB62361D64C00A218AB /* LaunchScreen.storyboard in Resources */ = {isa = PBXBuildFile; fileRef = B4709CB42361D64C00A218AB /* LaunchScreen.storyboard */; };
		B4B8F6A32361E41E00C3AB7A /* HeroItem.swift in Sources */ = {isa = PBXBuildFile; fileRef = B4B8F6A22361E41E00C3AB7A /* HeroItem.swift */; };
/* End PBXBuildFile section */

/* Begin PBXFileReference section */
		B42E47F22361EBC900030E02 /* HeroRow.swift */ = {isa = PBXFileReference; lastKnownFileType = sourcecode.swift; path = HeroRow.swift; sourceTree = "<group>"; };
		B42E47F42361FFB900030E02 /* MapView.swift */ = {isa = PBXFileReference; lastKnownFileType = sourcecode.swift; path = MapView.swift; sourceTree = "<group>"; };
		B42E47F62362DA6800030E02 /* HeroDetail.swift */ = {isa = PBXFileReference; lastKnownFileType = sourcecode.swift; path = HeroDetail.swift; sourceTree = "<group>"; };
		B42E47F823640FB500030E02 /* SectionView.swift */ = {isa = PBXFileReference; lastKnownFileType = sourcecode.swift; path = SectionView.swift; sourceTree = "<group>"; };
		B42E47FA23640FCA00030E02 /* CardView.swift */ = {isa = PBXFileReference; lastKnownFileType = sourcecode.swift; path = CardView.swift; sourceTree = "<group>"; };
		B42E47FC2364145700030E02 /* CardList.swift */ = {isa = PBXFileReference; lastKnownFileType = sourcecode.swift; path = CardList.swift; sourceTree = "<group>"; };
		B42E47FE2364232300030E02 /* SectionButton.swift */ = {isa = PBXFileReference; lastKnownFileType = sourcecode.swift; path = SectionButton.swift; sourceTree = "<group>"; };
		B4709CA32361D64A00A218AB /* TheAvengers.app */ = {isa = PBXFileReference; explicitFileType = wrapper.application; includeInIndex = 0; path = TheAvengers.app; sourceTree = BUILT_PRODUCTS_DIR; };
		B4709CA62361D64A00A218AB /* AppDelegate.swift */ = {isa = PBXFileReference; lastKnownFileType = sourcecode.swift; path = AppDelegate.swift; sourceTree = "<group>"; };
		B4709CA82361D64A00A218AB /* SceneDelegate.swift */ = {isa = PBXFileReference; lastKnownFileType = sourcecode.swift; path = SceneDelegate.swift; sourceTree = "<group>"; };
		B4709CAB2361D64A00A218AB /* TheAvengers.xcdatamodel */ = {isa = PBXFileReference; lastKnownFileType = wrapper.xcdatamodel; path = TheAvengers.xcdatamodel; sourceTree = "<group>"; };
		B4709CAD2361D64A00A218AB /* ContentView.swift */ = {isa = PBXFileReference; lastKnownFileType = sourcecode.swift; path = ContentView.swift; sourceTree = "<group>"; };
		B4709CAF2361D64C00A218AB /* Assets.xcassets */ = {isa = PBXFileReference; lastKnownFileType = folder.assetcatalog; path = Assets.xcassets; sourceTree = "<group>"; };
		B4709CB22361D64C00A218AB /* Preview Assets.xcassets */ = {isa = PBXFileReference; lastKnownFileType = folder.assetcatalog; path = "Preview Assets.xcassets"; sourceTree = "<group>"; };
		B4709CB52361D64C00A218AB /* Base */ = {isa = PBXFileReference; lastKnownFileType = file.storyboard; name = Base; path = Base.lproj/LaunchScreen.storyboard; sourceTree = "<group>"; };
		B4709CB72361D64C00A218AB /* Info.plist */ = {isa = PBXFileReference; lastKnownFileType = text.plist.xml; path = Info.plist; sourceTree = "<group>"; };
		B4B8F6A22361E41E00C3AB7A /* HeroItem.swift */ = {isa = PBXFileReference; lastKnownFileType = sourcecode.swift; path = HeroItem.swift; sourceTree = "<group>"; };
/* End PBXFileReference section */

/* Begin PBXFrameworksBuildPhase section */
		B4709CA02361D64A00A218AB /* Frameworks */ = {
			isa = PBXFrameworksBuildPhase;
			buildActionMask = 2147483647;
			files = (
			);
			runOnlyForDeploymentPostprocessing = 0;
		};
/* End PBXFrameworksBuildPhase section */

/* Begin PBXGroup section */
		B4709C9A2361D64A00A218AB = {
			isa = PBXGroup;
			children = (
				B4709CA52361D64A00A218AB /* TheAvengers */,
				B4709CA42361D64A00A218AB /* Products */,
			);
			sourceTree = "<group>";
		};
		B4709CA42361D64A00A218AB /* Products */ = {
			isa = PBXGroup;
			children = (
				B4709CA32361D64A00A218AB /* TheAvengers.app */,
			);
			name = Products;
			sourceTree = "<group>";
		};
		B4709CA52361D64A00A218AB /* TheAvengers */ = {
			isa = PBXGroup;
			children = (
				B4709CA62361D64A00A218AB /* AppDelegate.swift */,
				B4709CA82361D64A00A218AB /* SceneDelegate.swift */,
				B4709CAD2361D64A00A218AB /* ContentView.swift */,
				B42E47FE2364232300030E02 /* SectionButton.swift */,
				B42E47F823640FB500030E02 /* SectionView.swift */,
				B42E47FA23640FCA00030E02 /* CardView.swift */,
				B42E47FC2364145700030E02 /* CardList.swift */,
				B42E47F62362DA6800030E02 /* HeroDetail.swift */,
				B4B8F6A22361E41E00C3AB7A /* HeroItem.swift */,
				B42E47F22361EBC900030E02 /* HeroRow.swift */,
				B42E47F42361FFB900030E02 /* MapView.swift */,
				B4709CAF2361D64C00A218AB /* Assets.xcassets */,
				B4709CB42361D64C00A218AB /* LaunchScreen.storyboard */,
				B4709CB72361D64C00A218AB /* Info.plist */,
				B4709CAA2361D64A00A218AB /* TheAvengers.xcdatamodeld */,
				B4709CB12361D64C00A218AB /* Preview Content */,
			);
			path = TheAvengers;
			sourceTree = "<group>";
		};
		B4709CB12361D64C00A218AB /* Preview Content */ = {
			isa = PBXGroup;
			children = (
				B4709CB22361D64C00A218AB /* Preview Assets.xcassets */,
			);
			path = "Preview Content";
			sourceTree = "<group>";
		};
/* End PBXGroup section */

/* Begin PBXNativeTarget section */
		B4709CA22361D64A00A218AB /* TheAvengers */ = {
			isa = PBXNativeTarget;
			buildConfigurationList = B4709CBA2361D64C00A218AB /* Build configuration list for PBXNativeTarget "TheAvengers" */;
			buildPhases = (
				B4709C9F2361D64A00A218AB /* Sources */,
				B4709CA02361D64A00A218AB /* Frameworks */,
				B4709CA12361D64A00A218AB /* Resources */,
			);
			buildRules = (
			);
			dependencies = (
			);
			name = TheAvengers;
			productName = TheAvengers;
			productReference = B4709CA32361D64A00A218AB /* TheAvengers.app */;
			productType = "com.apple.product-type.application";
		};
/* End PBXNativeTarget section */

/* Begin PBXProject section */
		B4709C9B2361D64A00A218AB /* Project object */ = {
			isa = PBXProject;
			attributes = {
				LastSwiftUpdateCheck = 1110;
				LastUpgradeCheck = 1110;
				ORGANIZATIONNAME = "Derek Xiao";
				TargetAttributes = {
					B4709CA22361D64A00A218AB = {
						CreatedOnToolsVersion = 11.1;
					};
				};
			};
			buildConfigurationList = B4709C9E2361D64A00A218AB /* Build configuration list for PBXProject "TheAvengers" */;
			compatibilityVersion = "Xcode 9.3";
			developmentRegion = en;
			hasScannedForEncodings = 0;
			knownRegions = (
				en,
				Base,
			);
			mainGroup = B4709C9A2361D64A00A218AB;
			productRefGroup = B4709CA42361D64A00A218AB /* Products */;
			projectDirPath = "";
			projectRoot = "";
			targets = (
				B4709CA22361D64A00A218AB /* TheAvengers */,
			);
		};
/* End PBXProject section */

/* Begin PBXResourcesBuildPhase section */
		B4709CA12361D64A00A218AB /* Resources */ = {
			isa = PBXResourcesBuildPhase;
			buildActionMask = 2147483647;
			files = (
				B4709CB62361D64C00A218AB /* LaunchScreen.storyboard in Resources */,
				B4709CB32361D64C00A218AB /* Preview Assets.xcassets in Resources */,
				B4709CB02361D64C00A218AB /* Assets.xcassets in Resources */,
			);
			runOnlyForDeploymentPostprocessing = 0;
		};
/* End PBXResourcesBuildPhase section */

/* Begin PBXSourcesBuildPhase section */
		B4709C9F2361D64A00A218AB /* Sources */ = {
			isa = PBXSourcesBuildPhase;
			buildActionMask = 2147483647;
			files = (
				B42E47F52361FFB900030E02 /* MapView.swift in Sources */,
				B42E47FD2364145700030E02 /* CardList.swift in Sources */,
				B4709CA72361D64A00A218AB /* AppDelegate.swift in Sources */,
				B42E47FF2364232300030E02 /* SectionButton.swift in Sources */,
				B42E47F923640FB500030E02 /* SectionView.swift in Sources */,
				B4709CA92361D64A00A218AB /* SceneDelegate.swift in Sources */,
				B42E47FB23640FCA00030E02 /* CardView.swift in Sources */,
				B42E47F32361EBC900030E02 /* HeroRow.swift in Sources */,
				B42E47F72362DA6900030E02 /* HeroDetail.swift in Sources */,
				B4709CAE2361D64A00A218AB /* ContentView.swift in Sources */,
				B4B8F6A32361E41E00C3AB7A /* HeroItem.swift in Sources */,
				B4709CAC2361D64A00A218AB /* TheAvengers.xcdatamodeld in Sources */,
			);
			runOnlyForDeploymentPostprocessing = 0;
		};
/* End PBXSourcesBuildPhase section */

/* Begin PBXVariantGroup section */
		B4709CB42361D64C00A218AB /* LaunchScreen.storyboard */ = {
			isa = PBXVariantGroup;
			children = (
				B4709CB52361D64C00A218AB /* Base */,
			);
			name = LaunchScreen.storyboard;
			sourceTree = "<group>";
		};
/* End PBXVariantGroup section */

/* Begin XCBuildConfiguration section */
		B4709CB82361D64C00A218AB /* Debug */ = {
			isa = XCBuildConfiguration;
			buildSettings = {
				ALWAYS_SEARCH_USER_PATHS = NO;
				CLANG_ANALYZER_NONNULL = YES;
				CLANG_ANALYZER_NUMBER_OBJECT_CONVERSION = YES_AGGRESSIVE;
				CLANG_CXX_LANGUAGE_STANDARD = "gnu++14";
				CLANG_CXX_LIBRARY = "libc++";
				CLANG_ENABLE_MODULES = YES;
				CLANG_ENABLE_OBJC_ARC = YES;
				CLANG_ENABLE_OBJC_WEAK = YES;
				CLANG_WARN_BLOCK_CAPTURE_AUTORELEASING = YES;
				CLANG_WARN_BOOL_CONVERSION = YES;
				CLANG_WARN_COMMA = YES;
				CLANG_WARN_CONSTANT_CONVERSION = YES;
				CLANG_WARN_DEPRECATED_OBJC_IMPLEMENTATIONS = YES;
				CLANG_WARN_DIRECT_OBJC_ISA_USAGE = YES_ERROR;
				CLANG_WARN_DOCUMENTATION_COMMENTS = YES;
				CLANG_WARN_EMPTY_BODY = YES;
				CLANG_WARN_ENUM_CONVERSION = YES;
				CLANG_WARN_INFINITE_RECURSION = YES;
				CLANG_WARN_INT_CONVERSION = YES;
				CLANG_WARN_NON_LITERAL_NULL_CONVERSION = YES;
				CLANG_WARN_OBJC_IMPLICIT_RETAIN_SELF = YES;
				CLANG_WARN_OBJC_LITERAL_CONVERSION = YES;
				CLANG_WARN_OBJC_ROOT_CLASS = YES_ERROR;
				CLANG_WARN_RANGE_LOOP_ANALYSIS = YES;
				CLANG_WARN_STRICT_PROTOTYPES = YES;
				CLANG_WARN_SUSPICIOUS_MOVE = YES;
				CLANG_WARN_UNGUARDED_AVAILABILITY = YES_AGGRESSIVE;
				CLANG_WARN_UNREACHABLE_CODE = YES;
				CLANG_WARN__DUPLICATE_METHOD_MATCH = YES;
				COPY_PHASE_STRIP = NO;
				DEBUG_INFORMATION_FORMAT = dwarf;
				ENABLE_STRICT_OBJC_MSGSEND = YES;
				ENABLE_TESTABILITY = YES;
				GCC_C_LANGUAGE_STANDARD = gnu11;
				GCC_DYNAMIC_NO_PIC = NO;
				GCC_NO_COMMON_BLOCKS = YES;
				GCC_OPTIMIZATION_LEVEL = 0;
				GCC_PREPROCESSOR_DEFINITIONS = (
					"DEBUG=1",
					"$(inherited)",
				);
				GCC_WARN_64_TO_32_BIT_CONVERSION = YES;
				GCC_WARN_ABOUT_RETURN_TYPE = YES_ERROR;
				GCC_WARN_UNDECLARED_SELECTOR = YES;
				GCC_WARN_UNINITIALIZED_AUTOS = YES_AGGRESSIVE;
				GCC_WARN_UNUSED_FUNCTION = YES;
				GCC_WARN_UNUSED_VARIABLE = YES;
				IPHONEOS_DEPLOYMENT_TARGET = 13.1;
				MTL_ENABLE_DEBUG_INFO = INCLUDE_SOURCE;
				MTL_FAST_MATH = YES;
				ONLY_ACTIVE_ARCH = YES;
				SDKROOT = iphoneos;
				SWIFT_ACTIVE_COMPILATION_CONDITIONS = DEBUG;
				SWIFT_OPTIMIZATION_LEVEL = "-Onone";
			};
			name = Debug;
		};
		B4709CB92361D64C00A218AB /* Release */ = {
			isa = XCBuildConfiguration;
			buildSettings = {
				ALWAYS_SEARCH_USER_PATHS = NO;
				CLANG_ANALYZER_NONNULL = YES;
				CLANG_ANALYZER_NUMBER_OBJECT_CONVERSION = YES_AGGRESSIVE;
				CLANG_CXX_LANGUAGE_STANDARD = "gnu++14";
				CLANG_CXX_LIBRARY = "libc++";
				CLANG_ENABLE_MODULES = YES;
				CLANG_ENABLE_OBJC_ARC = YES;
				CLANG_ENABLE_OBJC_WEAK = YES;
				CLANG_WARN_BLOCK_CAPTURE_AUTORELEASING = YES;
				CLANG_WARN_BOOL_CONVERSION = YES;
				CLANG_WARN_COMMA = YES;
				CLANG_WARN_CONSTANT_CONVERSION = YES;
				CLANG_WARN_DEPRECATED_OBJC_IMPLEMENTATIONS = YES;
				CLANG_WARN_DIRECT_OBJC_ISA_USAGE = YES_ERROR;
				CLANG_WARN_DOCUMENTATION_COMMENTS = YES;
				CLANG_WARN_EMPTY_BODY = YES;
				CLANG_WARN_ENUM_CONVERSION = YES;
				CLANG_WARN_INFINITE_RECURSION = YES;
				CLANG_WARN_INT_CONVERSION = YES;
				CLANG_WARN_NON_LITERAL_NULL_CONVERSION = YES;
				CLANG_WARN_OBJC_IMPLICIT_RETAIN_SELF = YES;
				CLANG_WARN_OBJC_LITERAL_CONVERSION = YES;
				CLANG_WARN_OBJC_ROOT_CLASS = YES_ERROR;
				CLANG_WARN_RANGE_LOOP_ANALYSIS = YES;
				CLANG_WARN_STRICT_PROTOTYPES = YES;
				CLANG_WARN_SUSPICIOUS_MOVE = YES;
				CLANG_WARN_UNGUARDED_AVAILABILITY = YES_AGGRESSIVE;
				CLANG_WARN_UNREACHABLE_CODE = YES;
				CLANG_WARN__DUPLICATE_METHOD_MATCH = YES;
				COPY_PHASE_STRIP = NO;
				DEBUG_INFORMATION_FORMAT = "dwarf-with-dsym";
				ENABLE_NS_ASSERTIONS = NO;
				ENABLE_STRICT_OBJC_MSGSEND = YES;
				GCC_C_LANGUAGE_STANDARD = gnu11;
				GCC_NO_COMMON_BLOCKS = YES;
				GCC_WARN_64_TO_32_BIT_CONVERSION = YES;
				GCC_WARN_ABOUT_RETURN_TYPE = YES_ERROR;
				GCC_WARN_UNDECLARED_SELECTOR = YES;
				GCC_WARN_UNINITIALIZED_AUTOS = YES_AGGRESSIVE;
				GCC_WARN_UNUSED_FUNCTION = YES;
				GCC_WARN_UNUSED_VARIABLE = YES;
				IPHONEOS_DEPLOYMENT_TARGET = 13.1;
				MTL_ENABLE_DEBUG_INFO = NO;
				MTL_FAST_MATH = YES;
				SDKROOT = iphoneos;
				SWIFT_COMPILATION_MODE = wholemodule;
				SWIFT_OPTIMIZATION_LEVEL = "-O";
				VALIDATE_PRODUCT = YES;
			};
			name = Release;
		};
		B4709CBB2361D64C00A218AB /* Debug */ = {
			isa = XCBuildConfiguration;
			buildSettings = {
				ASSETCATALOG_COMPILER_APPICON_NAME = AppIcon;
				CODE_SIGN_STYLE = Automatic;
				DEVELOPMENT_ASSET_PATHS = "\"TheAvengers/Preview Content\"";
				DEVELOPMENT_TEAM = PWN89SAC52;
				ENABLE_PREVIEWS = YES;
				INFOPLIST_FILE = TheAvengers/Info.plist;
				LD_RUNPATH_SEARCH_PATHS = (
					"$(inherited)",
					"@executable_path/Frameworks",
				);
				PRODUCT_BUNDLE_IDENTIFIER = "-point71828.TheAvengers";
				PRODUCT_NAME = "$(TARGET_NAME)";
				SWIFT_VERSION = 5.0;
				TARGETED_DEVICE_FAMILY = "1,2";
			};
			name = Debug;
		};
		B4709CBC2361D64C00A218AB /* Release */ = {
			isa = XCBuildConfiguration;
			buildSettings = {
				ASSETCATALOG_COMPILER_APPICON_NAME = AppIcon;
				CODE_SIGN_STYLE = Automatic;
				DEVELOPMENT_ASSET_PATHS = "\"TheAvengers/Preview Content\"";
				DEVELOPMENT_TEAM = PWN89SAC52;
				ENABLE_PREVIEWS = YES;
				INFOPLIST_FILE = TheAvengers/Info.plist;
				LD_RUNPATH_SEARCH_PATHS = (
					"$(inherited)",
					"@executable_path/Frameworks",
				);
				PRODUCT_BUNDLE_IDENTIFIER = "-point71828.TheAvengers";
				PRODUCT_NAME = "$(TARGET_NAME)";
				SWIFT_VERSION = 5.0;
				TARGETED_DEVICE_FAMILY = "1,2";
			};
			name = Release;
		};
/* End XCBuildConfiguration section */

/* Begin XCConfigurationList section */
		B4709C9E2361D64A00A218AB /* Build configuration list for PBXProject "TheAvengers" */ = {
			isa = XCConfigurationList;
			buildConfigurations = (
				B4709CB82361D64C00A218AB /* Debug */,
				B4709CB92361D64C00A218AB /* Release */,
			);
			defaultConfigurationIsVisible = 0;
			defaultConfigurationName = Release;
		};
		B4709CBA2361D64C00A218AB /* Build configuration list for PBXNativeTarget "TheAvengers" */ = {
			isa = XCConfigurationList;
			buildConfigurations = (
				B4709CBB2361D64C00A218AB /* Debug */,
				B4709CBC2361D64C00A218AB /* Release */,
			);
			defaultConfigurationIsVisible = 0;
			defaultConfigurationName = Release;
		};
/* End XCConfigurationList section */

/* Begin XCVersionGroup section */
		B4709CAA2361D64A00A218AB /* TheAvengers.xcdatamodeld */ = {
			isa = XCVersionGroup;
			children = (
				B4709CAB2361D64A00A218AB /* TheAvengers.xcdatamodel */,
			);
			currentVersion = B4709CAB2361D64A00A218AB /* TheAvengers.xcdatamodel */;
			path = TheAvengers.xcdatamodeld;
			sourceTree = "<group>";
			versionGroupType = wrapper.xcdatamodel;
		};
/* End XCVersionGroup section */
	};
	rootObject = B4709C9B2361D64A00A218AB /* Project object */;
}
